
Microsoft Visual Studio Solution File, Format Version 12.00
# Visual Studio 15
VisualStudioVersion = 15.0.28307.1062
MinimumVisualStudioVersion = 10.0.40219.1
Project("{FAE04EC0-301F-11D3-BF4B-00C04F79EFBC}") = "OfflineQuiz", "OfflineQuiz\OfflineQuiz.csproj", "{A3C10E58-0A5D-48ED-8274-9A3357812D3D}"
EndProject
Global
	GlobalSection(SolutionConfigurationPlatforms) = preSolution
		Debug|Any CPU = Debug|Any CPU
		Release|Any CPU = Release|Any CPU
	EndGlobalSection
	GlobalSection(ProjectConfigurationPlatforms) = postSolution
		{A3C10E58-0A5D-48ED-8274-9A3357812D3D}.Debug|Any CPU.ActiveCfg = Debug|Any CPU
		{A3C10E58-0A5D-48ED-8274-9A3357812D3D}.Debug|Any CPU.Build.0 = Debug|Any CPU
		{A3C10E58-0A5D-48ED-8274-9A3357812D3D}.Release|Any CPU.ActiveCfg = Release|Any CPU
		{A3C10E58-0A5D-48ED-8274-9A3357812D3D}.Release|Any CPU.Build.0 = Release|Any CPU
	EndGlobalSection
	GlobalSection(SolutionProperties) = preSolution
		HideSolutionNode = FALSE
	EndGlobalSection
	GlobalSection(ExtensibilityGlobals) = postSolution
		SolutionGuid = {FAD3B3BC-7D3C-4CAE-A0F9-81B1F79F0E9C}
	EndGlobalSection
EndGlobal
